// !$*UTF8*$!
{
	archiveVersion = 1;
	classes = {
	};
	objectVersion = 46;
	objects = {

/* Begin PBXBuildFile section */
		BF7428E71F4E811E00D29227 /* SocketManager.swift in Sources */ = {isa = PBXBuildFile; fileRef = BF7428E61F4E811E00D29227 /* SocketManager.swift */; };
		BF85477D1F4E717E00C7201B /* CocoaAsyncSocket.framework in Frameworks */ = {isa = PBXBuildFile; fileRef = BF85477A1F4E6C6600C7201B /* CocoaAsyncSocket.framework */; };
		BFC3F0DB1F4E694C007BB49E /* AppDelegate.swift in Sources */ = {isa = PBXBuildFile; fileRef = BFC3F0DA1F4E694C007BB49E /* AppDelegate.swift */; };
		BFC3F0DD1F4E694C007BB49E /* ViewController.swift in Sources */ = {isa = PBXBuildFile; fileRef = BFC3F0DC1F4E694C007BB49E /* ViewController.swift */; };
		BFC3F0E01F4E694C007BB49E /* Main.storyboard in Resources */ = {isa = PBXBuildFile; fileRef = BFC3F0DE1F4E694C007BB49E /* Main.storyboard */; };
		BFC3F0E21F4E694C007BB49E /* Assets.xcassets in Resources */ = {isa = PBXBuildFile; fileRef = BFC3F0E11F4E694C007BB49E /* Assets.xcassets */; };
		BFC3F0E51F4E694C007BB49E /* LaunchScreen.storyboard in Resources */ = {isa = PBXBuildFile; fileRef = BFC3F0E31F4E694C007BB49E /* LaunchScreen.storyboard */; };
		BFC3F0F01F4E694C007BB49E /* MouseMoveReceiverTests.swift in Sources */ = {isa = PBXBuildFile; fileRef = BFC3F0EF1F4E694C007BB49E /* MouseMoveReceiverTests.swift */; };
		BFC3F0FB1F4E694C007BB49E /* MouseMoveReceiverUITests.swift in Sources */ = {isa = PBXBuildFile; fileRef = BFC3F0FA1F4E694C007BB49E /* MouseMoveReceiverUITests.swift */; };
/* End PBXBuildFile section */

/* Begin PBXContainerItemProxy section */
		BFC3F0EC1F4E694C007BB49E /* PBXContainerItemProxy */ = {
			isa = PBXContainerItemProxy;
			containerPortal = BFC3F0CF1F4E694C007BB49E /* Project object */;
			proxyType = 1;
			remoteGlobalIDString = BFC3F0D61F4E694C007BB49E;
			remoteInfo = MouseMoveReceiver;
		};
		BFC3F0F71F4E694C007BB49E /* PBXContainerItemProxy */ = {
			isa = PBXContainerItemProxy;
			containerPortal = BFC3F0CF1F4E694C007BB49E /* Project object */;
			proxyType = 1;
			remoteGlobalIDString = BFC3F0D61F4E694C007BB49E;
			remoteInfo = MouseMoveReceiver;
		};
/* End PBXContainerItemProxy section */

/* Begin PBXFileReference section */
		BF7428E61F4E811E00D29227 /* SocketManager.swift */ = {isa = PBXFileReference; fileEncoding = 4; lastKnownFileType = sourcecode.swift; path = SocketManager.swift; sourceTree = "<group>"; };
		BF85477A1F4E6C6600C7201B /* CocoaAsyncSocket.framework */ = {isa = PBXFileReference; lastKnownFileType = wrapper.framework; name = CocoaAsyncSocket.framework; path = Carthage/Build/iOS/CocoaAsyncSocket.framework; sourceTree = "<group>"; };
		BFC3F0D71F4E694C007BB49E /* MouseMoveReceiver.app */ = {isa = PBXFileReference; explicitFileType = wrapper.application; includeInIndex = 0; path = MouseMoveReceiver.app; sourceTree = BUILT_PRODUCTS_DIR; };
		BFC3F0DA1F4E694C007BB49E /* AppDelegate.swift */ = {isa = PBXFileReference; lastKnownFileType = sourcecode.swift; path = AppDelegate.swift; sourceTree = "<group>"; };
		BFC3F0DC1F4E694C007BB49E /* ViewController.swift */ = {isa = PBXFileReference; lastKnownFileType = sourcecode.swift; path = ViewController.swift; sourceTree = "<group>"; };
		BFC3F0DF1F4E694C007BB49E /* Base */ = {isa = PBXFileReference; lastKnownFileType = file.storyboard; name = Base; path = Base.lproj/Main.storyboard; sourceTree = "<group>"; };
		BFC3F0E11F4E694C007BB49E /* Assets.xcassets */ = {isa = PBXFileReference; lastKnownFileType = folder.assetcatalog; path = Assets.xcassets; sourceTree = "<group>"; };
		BFC3F0E41F4E694C007BB49E /* Base */ = {isa = PBXFileReference; lastKnownFileType = file.storyboard; name = Base; path = Base.lproj/LaunchScreen.storyboard; sourceTree = "<group>"; };
		BFC3F0E61F4E694C007BB49E /* Info.plist */ = {isa = PBXFileReference; lastKnownFileType = text.plist.xml; path = Info.plist; sourceTree = "<group>"; };
		BFC3F0EB1F4E694C007BB49E /* MouseMoveReceiverTests.xctest */ = {isa = PBXFileReference; explicitFileType = wrapper.cfbundle; includeInIndex = 0; path = MouseMoveReceiverTests.xctest; sourceTree = BUILT_PRODUCTS_DIR; };
		BFC3F0EF1F4E694C007BB49E /* MouseMoveReceiverTests.swift */ = {isa = PBXFileReference; lastKnownFileType = sourcecode.swift; path = MouseMoveReceiverTests.swift; sourceTree = "<group>"; };
		BFC3F0F11F4E694C007BB49E /* Info.plist */ = {isa = PBXFileReference; lastKnownFileType = text.plist.xml; path = Info.plist; sourceTree = "<group>"; };
		BFC3F0F61F4E694C007BB49E /* MouseMoveReceiverUITests.xctest */ = {isa = PBXFileReference; explicitFileType = wrapper.cfbundle; includeInIndex = 0; path = MouseMoveReceiverUITests.xctest; sourceTree = BUILT_PRODUCTS_DIR; };
		BFC3F0FA1F4E694C007BB49E /* MouseMoveReceiverUITests.swift */ = {isa = PBXFileReference; lastKnownFileType = sourcecode.swift; path = MouseMoveReceiverUITests.swift; sourceTree = "<group>"; };
		BFC3F0FC1F4E694C007BB49E /* Info.plist */ = {isa = PBXFileReference; lastKnownFileType = text.plist.xml; path = Info.plist; sourceTree = "<group>"; };
/* End PBXFileReference section */

/* Begin PBXFrameworksBuildPhase section */
		BFC3F0D41F4E694C007BB49E /* Frameworks */ = {
			isa = PBXFrameworksBuildPhase;
			buildActionMask = 2147483647;
			files = (
				BF85477D1F4E717E00C7201B /* CocoaAsyncSocket.framework in Frameworks */,
			);
			runOnlyForDeploymentPostprocessing = 0;
		};
		BFC3F0E81F4E694C007BB49E /* Frameworks */ = {
			isa = PBXFrameworksBuildPhase;
			buildActionMask = 2147483647;
			files = (
			);
			runOnlyForDeploymentPostprocessing = 0;
		};
		BFC3F0F31F4E694C007BB49E /* Frameworks */ = {
			isa = PBXFrameworksBuildPhase;
			buildActionMask = 2147483647;
			files = (
			);
			runOnlyForDeploymentPostprocessing = 0;
		};
/* End PBXFrameworksBuildPhase section */

/* Begin PBXGroup section */
		BF8547791F4E6C6600C7201B /* Frameworks */ = {
			isa = PBXGroup;
			children = (
				BF85477A1F4E6C6600C7201B /* CocoaAsyncSocket.framework */,
			);
			name = Frameworks;
			sourceTree = "<group>";
		};
		BFC3F0CE1F4E694C007BB49E = {
			isa = PBXGroup;
			children = (
				BFC3F0D91F4E694C007BB49E /* MouseMoveReceiver */,
				BFC3F0EE1F4E694C007BB49E /* MouseMoveReceiverTests */,
				BFC3F0F91F4E694C007BB49E /* MouseMoveReceiverUITests */,
				BFC3F0D81F4E694C007BB49E /* Products */,
				BF8547791F4E6C6600C7201B /* Frameworks */,
			);
			sourceTree = "<group>";
		};
		BFC3F0D81F4E694C007BB49E /* Products */ = {
			isa = PBXGroup;
			children = (
				BFC3F0D71F4E694C007BB49E /* MouseMoveReceiver.app */,
				BFC3F0EB1F4E694C007BB49E /* MouseMoveReceiverTests.xctest */,
				BFC3F0F61F4E694C007BB49E /* MouseMoveReceiverUITests.xctest */,
			);
			name = Products;
			sourceTree = "<group>";
		};
		BFC3F0D91F4E694C007BB49E /* MouseMoveReceiver */ = {
			isa = PBXGroup;
			children = (
				BFC3F0DA1F4E694C007BB49E /* AppDelegate.swift */,
				BFC3F0DC1F4E694C007BB49E /* ViewController.swift */,
				BFC3F0DE1F4E694C007BB49E /* Main.storyboard */,
				BFC3F0E11F4E694C007BB49E /* Assets.xcassets */,
				BFC3F0E31F4E694C007BB49E /* LaunchScreen.storyboard */,
				BFC3F0E61F4E694C007BB49E /* Info.plist */,
				BF7428E61F4E811E00D29227 /* SocketManager.swift */,
			);
			path = MouseMoveReceiver;
			sourceTree = "<group>";
		};
		BFC3F0EE1F4E694C007BB49E /* MouseMoveReceiverTests */ = {
			isa = PBXGroup;
			children = (
				BFC3F0EF1F4E694C007BB49E /* MouseMoveReceiverTests.swift */,
				BFC3F0F11F4E694C007BB49E /* Info.plist */,
			);
			path = MouseMoveReceiverTests;
			sourceTree = "<group>";
		};
		BFC3F0F91F4E694C007BB49E /* MouseMoveReceiverUITests */ = {
			isa = PBXGroup;
			children = (
				BFC3F0FA1F4E694C007BB49E /* MouseMoveReceiverUITests.swift */,
				BFC3F0FC1F4E694C007BB49E /* Info.plist */,
			);
			path = MouseMoveReceiverUITests;
			sourceTree = "<group>";
		};
/* End PBXGroup section */

/* Begin PBXNativeTarget section */
		BFC3F0D61F4E694C007BB49E /* MouseMoveReceiver */ = {
			isa = PBXNativeTarget;
			buildConfigurationList = BFC3F0FF1F4E694C007BB49E /* Build configuration list for PBXNativeTarget "MouseMoveReceiver" */;
			buildPhases = (
				BFC3F0D31F4E694C007BB49E /* Sources */,
				BFC3F0D41F4E694C007BB49E /* Frameworks */,
				BFC3F0D51F4E694C007BB49E /* Resources */,
				BF85477E1F4E71D800C7201B /* ShellScript */,
			);
			buildRules = (
			);
			dependencies = (
			);
			name = MouseMoveReceiver;
			productName = MouseMoveReceiver;
			productReference = BFC3F0D71F4E694C007BB49E /* MouseMoveReceiver.app */;
			productType = "com.apple.product-type.application";
		};
		BFC3F0EA1F4E694C007BB49E /* MouseMoveReceiverTests */ = {
			isa = PBXNativeTarget;
			buildConfigurationList = BFC3F1021F4E694C007BB49E /* Build configuration list for PBXNativeTarget "MouseMoveReceiverTests" */;
			buildPhases = (
				BFC3F0E71F4E694C007BB49E /* Sources */,
				BFC3F0E81F4E694C007BB49E /* Frameworks */,
				BFC3F0E91F4E694C007BB49E /* Resources */,
			);
			buildRules = (
			);
			dependencies = (
				BFC3F0ED1F4E694C007BB49E /* PBXTargetDependency */,
			);
			name = MouseMoveReceiverTests;
			productName = MouseMoveReceiverTests;
			productReference = BFC3F0EB1F4E694C007BB49E /* MouseMoveReceiverTests.xctest */;
			productType = "com.apple.product-type.bundle.unit-test";
		};
		BFC3F0F51F4E694C007BB49E /* MouseMoveReceiverUITests */ = {
			isa = PBXNativeTarget;
			buildConfigurationList = BFC3F1051F4E694C007BB49E /* Build configuration list for PBXNativeTarget "MouseMoveReceiverUITests" */;
			buildPhases = (
				BFC3F0F21F4E694C007BB49E /* Sources */,
				BFC3F0F31F4E694C007BB49E /* Frameworks */,
				BFC3F0F41F4E694C007BB49E /* Resources */,
			);
			buildRules = (
			);
			dependencies = (
				BFC3F0F81F4E694C007BB49E /* PBXTargetDependency */,
			);
			name = MouseMoveReceiverUITests;
			productName = MouseMoveReceiverUITests;
			productReference = BFC3F0F61F4E694C007BB49E /* MouseMoveReceiverUITests.xctest */;
			productType = "com.apple.product-type.bundle.ui-testing";
		};
/* End PBXNativeTarget section */

/* Begin PBXProject section */
		BFC3F0CF1F4E694C007BB49E /* Project object */ = {
			isa = PBXProject;
			attributes = {
				LastSwiftUpdateCheck = 0830;
				LastUpgradeCheck = 0830;
				ORGANIZATIONNAME = cmlab;
				TargetAttributes = {
					BFC3F0D61F4E694C007BB49E = {
						CreatedOnToolsVersion = 8.3.3;
						DevelopmentTeam = 7LHSW9VBV8;
						ProvisioningStyle = Automatic;
					};
					BFC3F0EA1F4E694C007BB49E = {
						CreatedOnToolsVersion = 8.3.3;
						DevelopmentTeam = 7LHSW9VBV8;
						ProvisioningStyle = Automatic;
						TestTargetID = BFC3F0D61F4E694C007BB49E;
					};
					BFC3F0F51F4E694C007BB49E = {
						CreatedOnToolsVersion = 8.3.3;
						DevelopmentTeam = 7LHSW9VBV8;
						ProvisioningStyle = Automatic;
						TestTargetID = BFC3F0D61F4E694C007BB49E;
					};
				};
			};
			buildConfigurationList = BFC3F0D21F4E694C007BB49E /* Build configuration list for PBXProject "MouseMoveReceiver" */;
			compatibilityVersion = "Xcode 3.2";
			developmentRegion = English;
			hasScannedForEncodings = 0;
			knownRegions = (
				en,
				Base,
			);
			mainGroup = BFC3F0CE1F4E694C007BB49E;
			productRefGroup = BFC3F0D81F4E694C007BB49E /* Products */;
			projectDirPath = "";
			projectRoot = "";
			targets = (
				BFC3F0D61F4E694C007BB49E /* MouseMoveReceiver */,
				BFC3F0EA1F4E694C007BB49E /* MouseMoveReceiverTests */,
				BFC3F0F51F4E694C007BB49E /* MouseMoveReceiverUITests */,
			);
		};
/* End PBXProject section */

/* Begin PBXResourcesBuildPhase section */
		BFC3F0D51F4E694C007BB49E /* Resources */ = {
			isa = PBXResourcesBuildPhase;
			buildActionMask = 2147483647;
			files = (
				BFC3F0E51F4E694C007BB49E /* LaunchScreen.storyboard in Resources */,
				BFC3F0E21F4E694C007BB49E /* Assets.xcassets in Resources */,
				BFC3F0E01F4E694C007BB49E /* Main.storyboard in Resources */,
			);
			runOnlyForDeploymentPostprocessing = 0;
		};
		BFC3F0E91F4E694C007BB49E /* Resources */ = {
			isa = PBXResourcesBuildPhase;
			buildActionMask = 2147483647;
			files = (
			);
			runOnlyForDeploymentPostprocessing = 0;
		};
		BFC3F0F41F4E694C007BB49E /* Resources */ = {
			isa = PBXResourcesBuildPhase;
			buildActionMask = 2147483647;
			files = (
			);
			runOnlyForDeploymentPostprocessing = 0;
		};
/* End PBXResourcesBuildPhase section */

/* Begin PBXShellScriptBuildPhase section */
		BF85477E1F4E71D800C7201B /* ShellScript */ = {
			isa = PBXShellScriptBuildPhase;
			buildActionMask = 2147483647;
			files = (
			);
			inputPaths = (
				"$(SRCROOT)/Carthage/Build/iOS/CocoaAsyncSocket.framework",
			);
			outputPaths = (
			);
			runOnlyForDeploymentPostprocessing = 0;
			shellPath = /bin/sh;
			shellScript = "/usr/local/bin/carthage copy-frameworks";
		};
/* End PBXShellScriptBuildPhase section */

/* Begin PBXSourcesBuildPhase section */
		BFC3F0D31F4E694C007BB49E /* Sources */ = {
			isa = PBXSourcesBuildPhase;
			buildActionMask = 2147483647;
			files = (
				BFC3F0DD1F4E694C007BB49E /* ViewController.swift in Sources */,
				BF7428E71F4E811E00D29227 /* SocketManager.swift in Sources */,
				BFC3F0DB1F4E694C007BB49E /* AppDelegate.swift in Sources */,
			);
			runOnlyForDeploymentPostprocessing = 0;
		};
		BFC3F0E71F4E694C007BB49E /* Sources */ = {
			isa = PBXSourcesBuildPhase;
			buildActionMask = 2147483647;
			files = (
				BFC3F0F01F4E694C007BB49E /* MouseMoveReceiverTests.swift in Sources */,
			);
			runOnlyForDeploymentPostprocessing = 0;
		};
		BFC3F0F21F4E694C007BB49E /* Sources */ = {
			isa = PBXSourcesBuildPhase;
			buildActionMask = 2147483647;
			files = (
				BFC3F0FB1F4E694C007BB49E /* MouseMoveReceiverUITests.swift in Sources */,
			);
			runOnlyForDeploymentPostprocessing = 0;
		};
/* End PBXSourcesBuildPhase section */

/* Begin PBXTargetDependency section */
		BFC3F0ED1F4E694C007BB49E /* PBXTargetDependency */ = {
			isa = PBXTargetDependency;
			target = BFC3F0D61F4E694C007BB49E /* MouseMoveReceiver */;
			targetProxy = BFC3F0EC1F4E694C007BB49E /* PBXContainerItemProxy */;
		};
		BFC3F0F81F4E694C007BB49E /* PBXTargetDependency */ = {
			isa = PBXTargetDependency;
			target = BFC3F0D61F4E694C007BB49E /* MouseMoveReceiver */;
			targetProxy = BFC3F0F71F4E694C007BB49E /* PBXContainerItemProxy */;
		};
/* End PBXTargetDependency section */

/* Begin PBXVariantGroup section */
		BFC3F0DE1F4E694C007BB49E /* Main.storyboard */ = {
			isa = PBXVariantGroup;
			children = (
				BFC3F0DF1F4E694C007BB49E /* Base */,
			);
			name = Main.storyboard;
			sourceTree = "<group>";
		};
		BFC3F0E31F4E694C007BB49E /* LaunchScreen.storyboard */ = {
			isa = PBXVariantGroup;
			children = (
				BFC3F0E41F4E694C007BB49E /* Base */,
			);
			name = LaunchScreen.storyboard;
			sourceTree = "<group>";
		};
/* End PBXVariantGroup section */

/* Begin XCBuildConfiguration section */
		BFC3F0FD1F4E694C007BB49E /* Debug */ = {
			isa = XCBuildConfiguration;
			buildSettings = {
				ALWAYS_SEARCH_USER_PATHS = NO;
				CLANG_ANALYZER_NONNULL = YES;
				CLANG_ANALYZER_NUMBER_OBJECT_CONVERSION = YES_AGGRESSIVE;
				CLANG_CXX_LANGUAGE_STANDARD = "gnu++0x";
				CLANG_CXX_LIBRARY = "libc++";
				CLANG_ENABLE_MODULES = YES;
				CLANG_ENABLE_OBJC_ARC = YES;
				CLANG_WARN_BOOL_CONVERSION = YES;
				CLANG_WARN_CONSTANT_CONVERSION = YES;
				CLANG_WARN_DIRECT_OBJC_ISA_USAGE = YES_ERROR;
				CLANG_WARN_DOCUMENTATION_COMMENTS = YES;
				CLANG_WARN_EMPTY_BODY = YES;
				CLANG_WARN_ENUM_CONVERSION = YES;
				CLANG_WARN_INFINITE_RECURSION = YES;
				CLANG_WARN_INT_CONVERSION = YES;
				CLANG_WARN_OBJC_ROOT_CLASS = YES_ERROR;
				CLANG_WARN_SUSPICIOUS_MOVE = YES;
				CLANG_WARN_UNREACHABLE_CODE = YES;
				CLANG_WARN__DUPLICATE_METHOD_MATCH = YES;
				"CODE_SIGN_IDENTITY[sdk=iphoneos*]" = "iPhone Developer";
				COPY_PHASE_STRIP = NO;
				DEBUG_INFORMATION_FORMAT = dwarf;
				ENABLE_STRICT_OBJC_MSGSEND = YES;
				ENABLE_TESTABILITY = YES;
				GCC_C_LANGUAGE_STANDARD = gnu99;
				GCC_DYNAMIC_NO_PIC = NO;
				GCC_NO_COMMON_BLOCKS = YES;
				GCC_OPTIMIZATION_LEVEL = 0;
				GCC_PREPROCESSOR_DEFINITIONS = (
					"DEBUG=1",
					"$(inherited)",
				);
				GCC_WARN_64_TO_32_BIT_CONVERSION = YES;
				GCC_WARN_ABOUT_RETURN_TYPE = YES_ERROR;
				GCC_WARN_UNDECLARED_SELECTOR = YES;
				GCC_WARN_UNINITIALIZED_AUTOS = YES_AGGRESSIVE;
				GCC_WARN_UNUSED_FUNCTION = YES;
				GCC_WARN_UNUSED_VARIABLE = YES;
				IPHONEOS_DEPLOYMENT_TARGET = 10.3;
				MTL_ENABLE_DEBUG_INFO = YES;
				ONLY_ACTIVE_ARCH = YES;
				SDKROOT = iphoneos;
				SWIFT_ACTIVE_COMPILATION_CONDITIONS = DEBUG;
				SWIFT_OPTIMIZATION_LEVEL = "-Onone";
				TARGETED_DEVICE_FAMILY = "1,2";
			};
			name = Debug;
		};
		BFC3F0FE1F4E694C007BB49E /* Release */ = {
			isa = XCBuildConfiguration;
			buildSettings = {
				ALWAYS_SEARCH_USER_PATHS = NO;
				CLANG_ANALYZER_NONNULL = YES;
				CLANG_ANALYZER_NUMBER_OBJECT_CONVERSION = YES_AGGRESSIVE;
				CLANG_CXX_LANGUAGE_STANDARD = "gnu++0x";
				CLANG_CXX_LIBRARY = "libc++";
				CLANG_ENABLE_MODULES = YES;
				CLANG_ENABLE_OBJC_ARC = YES;
				CLANG_WARN_BOOL_CONVERSION = YES;
				CLANG_WARN_CONSTANT_CONVERSION = YES;
				CLANG_WARN_DIRECT_OBJC_ISA_USAGE = YES_ERROR;
				CLANG_WARN_DOCUMENTATION_COMMENTS = YES;
				CLANG_WARN_EMPTY_BODY = YES;
				CLANG_WARN_ENUM_CONVERSION = YES;
				CLANG_WARN_INFINITE_RECURSION = YES;
				CLANG_WARN_INT_CONVERSION = YES;
				CLANG_WARN_OBJC_ROOT_CLASS = YES_ERROR;
				CLANG_WARN_SUSPICIOUS_MOVE = YES;
				CLANG_WARN_UNREACHABLE_CODE = YES;
				CLANG_WARN__DUPLICATE_METHOD_MATCH = YES;
				"CODE_SIGN_IDENTITY[sdk=iphoneos*]" = "iPhone Developer";
				COPY_PHASE_STRIP = NO;
				DEBUG_INFORMATION_FORMAT = "dwarf-with-dsym";
				ENABLE_NS_ASSERTIONS = NO;
				ENABLE_STRICT_OBJC_MSGSEND = YES;
				GCC_C_LANGUAGE_STANDARD = gnu99;
				GCC_NO_COMMON_BLOCKS = YES;
				GCC_WARN_64_TO_32_BIT_CONVERSION = YES;
				GCC_WARN_ABOUT_RETURN_TYPE = YES_ERROR;
				GCC_WARN_UNDECLARED_SELECTOR = YES;
				GCC_WARN_UNINITIALIZED_AUTOS = YES_AGGRESSIVE;
				GCC_WARN_UNUSED_FUNCTION = YES;
				GCC_WARN_UNUSED_VARIABLE = YES;
				IPHONEOS_DEPLOYMENT_TARGET = 10.3;
				MTL_ENABLE_DEBUG_INFO = NO;
				SDKROOT = iphoneos;
				SWIFT_OPTIMIZATION_LEVEL = "-Owholemodule";
				TARGETED_DEVICE_FAMILY = "1,2";
				VALIDATE_PRODUCT = YES;
			};
			name = Release;
		};
		BFC3F1001F4E694C007BB49E /* Debug */ = {
			isa = XCBuildConfiguration;
			buildSettings = {
				ASSETCATALOG_COMPILER_APPICON_NAME = AppIcon;
				DEVELOPMENT_TEAM = 7LHSW9VBV8;
				FRAMEWORK_SEARCH_PATHS = (
					"$(inherited)",
					"$(PROJECT_DIR)/Carthage/Build/iOS",
				);
				INFOPLIST_FILE = MouseMoveReceiver/Info.plist;
				IPHONEOS_DEPLOYMENT_TARGET = 9.1;
				LD_RUNPATH_SEARCH_PATHS = "$(inherited) @executable_path/Frameworks";
				PRODUCT_BUNDLE_IDENTIFIER = cmlab.MouseMoveReceiver;
				PRODUCT_NAME = "$(TARGET_NAME)";
				SWIFT_VERSION = 3.0;
			};
			name = Debug;
		};
		BFC3F1011F4E694C007BB49E /* Release */ = {
			isa = XCBuildConfiguration;
			buildSettings = {
				ASSETCATALOG_COMPILER_APPICON_NAME = AppIcon;
				DEVELOPMENT_TEAM = 7LHSW9VBV8;
				FRAMEWORK_SEARCH_PATHS = (
					"$(inherited)",
					"$(PROJECT_DIR)/Carthage/Build/iOS",
				);
				INFOPLIST_FILE = MouseMoveReceiver/Info.plist;
				IPHONEOS_DEPLOYMENT_TARGET = 9.1;
				LD_RUNPATH_SEARCH_PATHS = "$(inherited) @executable_path/Frameworks";
				PRODUCT_BUNDLE_IDENTIFIER = cmlab.MouseMoveReceiver;
				PRODUCT_NAME = "$(TARGET_NAME)";
				SWIFT_VERSION = 3.0;
			};
			name = Release;
		};
		BFC3F1031F4E694C007BB49E /* Debug */ = {
			isa = XCBuildConfiguration;
			buildSettings = {
				ALWAYS_EMBED_SWIFT_STANDARD_LIBRARIES = YES;
				BUNDLE_LOADER = "$(TEST_HOST)";
				DEVELOPMENT_TEAM = 7LHSW9VBV8;
				INFOPLIST_FILE = MouseMoveReceiverTests/Info.plist;
				LD_RUNPATH_SEARCH_PATHS = "$(inherited) @executable_path/Frameworks @loader_path/Frameworks";
				PRODUCT_BUNDLE_IDENTIFIER = cmlab.MouseMoveReceiverTests;
				PRODUCT_NAME = "$(TARGET_NAME)";
				SWIFT_VERSION = 3.0;
				TEST_HOST = "$(BUILT_PRODUCTS_DIR)/MouseMoveReceiver.app/MouseMoveReceiver";
			};
			name = Debug;
		};
		BFC3F1041F4E694C007BB49E /* Release */ = {
			isa = XCBuildConfiguration;
			buildSettings = {
				ALWAYS_EMBED_SWIFT_STANDARD_LIBRARIES = YES;
				BUNDLE_LOADER = "$(TEST_HOST)";
				DEVELOPMENT_TEAM = 7LHSW9VBV8;
				INFOPLIST_FILE = MouseMoveReceiverTests/Info.plist;
				LD_RUNPATH_SEARCH_PATHS = "$(inherited) @executable_path/Frameworks @loader_path/Frameworks";
				PRODUCT_BUNDLE_IDENTIFIER = cmlab.MouseMoveReceiverTests;
				PRODUCT_NAME = "$(TARGET_NAME)";
				SWIFT_VERSION = 3.0;
				TEST_HOST = "$(BUILT_PRODUCTS_DIR)/MouseMoveReceiver.app/MouseMoveReceiver";
			};
			name = Release;
		};
		BFC3F1061F4E694C007BB49E /* Debug */ = {
			isa = XCBuildConfiguration;
			buildSettings = {
				ALWAYS_EMBED_SWIFT_STANDARD_LIBRARIES = YES;
				DEVELOPMENT_TEAM = 7LHSW9VBV8;
				INFOPLIST_FILE = MouseMoveReceiverUITests/Info.plist;
				LD_RUNPATH_SEARCH_PATHS = "$(inherited) @executable_path/Frameworks @loader_path/Frameworks";
				PRODUCT_BUNDLE_IDENTIFIER = cmlab.MouseMoveReceiverUITests;
				PRODUCT_NAME = "$(TARGET_NAME)";
				SWIFT_VERSION = 3.0;
				TEST_TARGET_NAME = MouseMoveReceiver;
			};
			name = Debug;
		};
		BFC3F1071F4E694C007BB49E /* Release */ = {
			isa = XCBuildConfiguration;
			buildSettings = {
				ALWAYS_EMBED_SWIFT_STANDARD_LIBRARIES = YES;
				DEVELOPMENT_TEAM = 7LHSW9VBV8;
				INFOPLIST_FILE = MouseMoveReceiverUITests/Info.plist;
				LD_RUNPATH_SEARCH_PATHS = "$(inherited) @executable_path/Frameworks @loader_path/Frameworks";
				PRODUCT_BUNDLE_IDENTIFIER = cmlab.MouseMoveReceiverUITests;
				PRODUCT_NAME = "$(TARGET_NAME)";
				SWIFT_VERSION = 3.0;
				TEST_TARGET_NAME = MouseMoveReceiver;
			};
			name = Release;
		};
/* End XCBuildConfiguration section */

/* Begin XCConfigurationList section */
		BFC3F0D21F4E694C007BB49E /* Build configuration list for PBXProject "MouseMoveReceiver" */ = {
			isa = XCConfigurationList;
			buildConfigurations = (
				BFC3F0FD1F4E694C007BB49E /* Debug */,
				BFC3F0FE1F4E694C007BB49E /* Release */,
			);
			defaultConfigurationIsVisible = 0;
			defaultConfigurationName = Release;
		};
		BFC3F0FF1F4E694C007BB49E /* Build configuration list for PBXNativeTarget "MouseMoveReceiver" */ = {
			isa = XCConfigurationList;
			buildConfigurations = (
				BFC3F1001F4E694C007BB49E /* Debug */,
				BFC3F1011F4E694C007BB49E /* Release */,
			);
			defaultConfigurationIsVisible = 0;
			defaultConfigurationName = Release;
		};
		BFC3F1021F4E694C007BB49E /* Build configuration list for PBXNativeTarget "MouseMoveReceiverTests" */ = {
			isa = XCConfigurationList;
			buildConfigurations = (
				BFC3F1031F4E694C007BB49E /* Debug */,
				BFC3F1041F4E694C007BB49E /* Release */,
			);
			defaultConfigurationIsVisible = 0;
			defaultConfigurationName = Release;
		};
		BFC3F1051F4E694C007BB49E /* Build configuration list for PBXNativeTarget "MouseMoveReceiverUITests" */ = {
			isa = XCConfigurationList;
			buildConfigurations = (
				BFC3F1061F4E694C007BB49E /* Debug */,
				BFC3F1071F4E694C007BB49E /* Release */,
			);
			defaultConfigurationIsVisible = 0;
			defaultConfigurationName = Release;
		};
/* End XCConfigurationList section */
	};
	rootObject = BFC3F0CF1F4E694C007BB49E /* Project object */;
}
